
Microsoft Visual Studio Solution File, Format Version 12.00
# Visual Studio Version 17
VisualStudioVersion = 17.7.34031.279
MinimumVisualStudioVersion = 10.0.40219.1
Project("{FAE04EC0-301F-11D3-BF4B-00C04F79EFBC}") = "ProjektSemestralny", "ProjektSemestralny\ProjektSemestralny.csproj", "{F3D73990-C428-4991-888A-35C2D8A15D47}"
EndProject
Global
	GlobalSection(SolutionConfigurationPlatforms) = preSolution
		Debug|Any CPU = Debug|Any CPU
		Release|Any CPU = Release|Any CPU
	EndGlobalSection
	GlobalSection(ProjectConfigurationPlatforms) = postSolution
		{F3D73990-C428-4991-888A-35C2D8A15D47}.Debug|Any CPU.ActiveCfg = Debug|Any CPU
		{F3D73990-C428-4991-888A-35C2D8A15D47}.Debug|Any CPU.Build.0 = Debug|Any CPU
		{F3D73990-C428-4991-888A-35C2D8A15D47}.Release|Any CPU.ActiveCfg = Release|Any CPU
		{F3D73990-C428-4991-888A-35C2D8A15D47}.Release|Any CPU.Build.0 = Release|Any CPU
	EndGlobalSection
	GlobalSection(SolutionProperties) = preSolution
		HideSolutionNode = FALSE
	EndGlobalSection
	GlobalSection(ExtensibilityGlobals) = postSolution
		SolutionGuid = {D5A7B278-DFE3-42A8-8E63-A24C93FEC74D}
	EndGlobalSection
EndGlobal
